Microsoft Visual Studio Solution File, Format Version 12.00
# Visual Studio Version 17
VisualStudioVersion = 17.0.31919.166
MinimumVisualStudioVersion = 10.0.40219.1
Project("{FAE04EC0-301F-11D3-BF4B-00C04F79EFBC}") = "MBCO_project", "MBCO_enrichment\MBCO_project.csproj", "{E1F01029-8EAD-40C1-A5A8-E2528C24AECD}"
EndProject
Global
	GlobalSection(SolutionConfigurationPlatforms) = preSolution
		Debug|Any CPU = Debug|Any CPU
		Debug|Mixed Platforms = Debug|Mixed Platforms
		Debug|x86 = Debug|x86
		Release|Any CPU = Release|Any CPU
		Release|Mixed Platforms = Release|Mixed Platforms
		Release|x86 = Release|x86
	EndGlobalSection
	GlobalSection(ProjectConfigurationPlatforms) = postSolution
		{E1F01029-8EAD-40C1-A5A8-E2528C24AECD}.Debug|Any CPU.ActiveCfg = Debug|Any CPU
		{E1F01029-8EAD-40C1-A5A8-E2528C24AECD}.Debug|Any CPU.Build.0 = Debug|Any CPU
		{E1F01029-8EAD-40C1-A5A8-E2528C24AECD}.Debug|Mixed Platforms.ActiveCfg = Debug|Any CPU
		{E1F01029-8EAD-40C1-A5A8-E2528C24AECD}.Debug|Mixed Platforms.Build.0 = Debug|Any CPU
		{E1F01029-8EAD-40C1-A5A8-E2528C24AECD}.Debug|x86.ActiveCfg = Debug|Any CPU
		{E1F01029-8EAD-40C1-A5A8-E2528C24AECD}.Release|Any CPU.ActiveCfg = Release|Any CPU
		{E1F01029-8EAD-40C1-A5A8-E2528C24AECD}.Release|Any CPU.Build.0 = Release|Any CPU
		{E1F01029-8EAD-40C1-A5A8-E2528C24AECD}.Release|Mixed Platforms.ActiveCfg = Release|Any CPU
		{E1F01029-8EAD-40C1-A5A8-E2528C24AECD}.Release|Mixed Platforms.Build.0 = Release|Any CPU
		{E1F01029-8EAD-40C1-A5A8-E2528C24AECD}.Release|x86.ActiveCfg = Release|Any CPU
	EndGlobalSection
	GlobalSection(SolutionProperties) = preSolution
		HideSolutionNode = FALSE
	EndGlobalSection
	GlobalSection(ExtensibilityGlobals) = postSolution
		SolutionGuid = {79C8D781-E1A2-4394-A4C5-D0D5A522067B}
	EndGlobalSection
EndGlobal
